
Microsoft Visual Studio Solution File, Format Version 12.00
# Visual Studio 15
VisualStudioVersion = 15.0.28307.489
MinimumVisualStudioVersion = 10.0.40219.1
Project("{E24C65DC-7377-472B-9ABA-BC803B73C61A}") = "demo", "demo\", "{14D7C0B4-4C67-4EF6-A57F-7BFFB75886E6}"
	ProjectSection(WebsiteProperties) = preProject
		TargetFrameworkMoniker = ".NETFramework,Version%3Dv4.0"
		Debug.AspNetCompiler.VirtualPath = "/localhost_62700"
		Debug.AspNetCompiler.PhysicalPath = "demo\"
		Debug.AspNetCompiler.TargetPath = "PrecompiledWeb\localhost_62700\"
		Debug.AspNetCompiler.Updateable = "true"
		Debug.AspNetCompiler.ForceOverwrite = "true"
		Debug.AspNetCompiler.FixedNames = "false"
		Debug.AspNetCompiler.Debug = "True"
		Release.AspNetCompiler.VirtualPath = "/localhost_62700"
		Release.AspNetCompiler.PhysicalPath = "demo\"
		Release.AspNetCompiler.TargetPath = "PrecompiledWeb\localhost_62700\"
		Release.AspNetCompiler.Updateable = "true"
		Release.AspNetCompiler.ForceOverwrite = "true"
		Release.AspNetCompiler.FixedNames = "false"
		Release.AspNetCompiler.Debug = "False"
		VWDPort = "62700"
		SlnRelativePath = "demo\"
	EndProjectSection
EndProject
Global
	GlobalSection(SolutionConfigurationPlatforms) = preSolution
		Debug|Any CPU = Debug|Any CPU
	EndGlobalSection
	GlobalSection(ProjectConfigurationPlatforms) = postSolution
		{14D7C0B4-4C67-4EF6-A57F-7BFFB75886E6}.Debug|Any CPU.ActiveCfg = Debug|Any CPU
		{14D7C0B4-4C67-4EF6-A57F-7BFFB75886E6}.Debug|Any CPU.Build.0 = Debug|Any CPU
	EndGlobalSection
	GlobalSection(SolutionProperties) = preSolution
		HideSolutionNode = FALSE
	EndGlobalSection
	GlobalSection(ExtensibilityGlobals) = postSolution
		SolutionGuid = {6EEA7AFD-A8B8-4D96-A5F8-4785AC4952EB}
	EndGlobalSection
EndGlobal
